
Microsoft Visual Studio Solution File, Format Version 12.00
# Visual Studio Version 16
VisualStudioVersion = 16.0.35731.53
MinimumVisualStudioVersion = 10.0.40219.1
Project("{888888A0-9F3D-457C-B088-3A5042F75D52}") = "valuta_analytics", "valuta_analytics\valuta_analytics.pyproj", "{46C4DA40-49CD-4230-8C64-8ABE04575E67}"
EndProject
Global
	GlobalSection(SolutionConfigurationPlatforms) = preSolution
		Debug|Any CPU = Debug|Any CPU
		Release|Any CPU = Release|Any CPU
	EndGlobalSection
	GlobalSection(ProjectConfigurationPlatforms) = postSolution
		{46C4DA40-49CD-4230-8C64-8ABE04575E67}.Debug|Any CPU.ActiveCfg = Debug|Any CPU
		{46C4DA40-49CD-4230-8C64-8ABE04575E67}.Release|Any CPU.ActiveCfg = Release|Any CPU
	EndGlobalSection
	GlobalSection(SolutionProperties) = preSolution
		HideSolutionNode = FALSE
	EndGlobalSection
	GlobalSection(ExtensibilityGlobals) = postSolution
		SolutionGuid = {99770EFC-C85F-4F0A-B538-3EF954C9BB0E}
	EndGlobalSection
EndGlobal
